// !$*UTF8*$!
{
	archiveVersion = 1;
	classes = {
	};
	objectVersion = 55;
	objects = {

/* Begin PBXBuildFile section */
		20223A9F275500FE009E5864 /* AppDelegate.swift in Sources */ = {isa = PBXBuildFile; fileRef = 20223A9E275500FE009E5864 /* AppDelegate.swift */; };
		20223AA1275500FE009E5864 /* SceneDelegate.swift in Sources */ = {isa = PBXBuildFile; fileRef = 20223AA0275500FE009E5864 /* SceneDelegate.swift */; };
		20223AA3275500FE009E5864 /* MainViewController.swift in Sources */ = {isa = PBXBuildFile; fileRef = 20223AA2275500FE009E5864 /* MainViewController.swift */; };
		20223AA6275500FE009E5864 /* Main.storyboard in Resources */ = {isa = PBXBuildFile; fileRef = 20223AA4275500FE009E5864 /* Main.storyboard */; };
		20223AA827550100009E5864 /* Assets.xcassets in Resources */ = {isa = PBXBuildFile; fileRef = 20223AA727550100009E5864 /* Assets.xcassets */; };
		20223AAB27550100009E5864 /* LaunchScreen.storyboard in Resources */ = {isa = PBXBuildFile; fileRef = 20223AA927550100009E5864 /* LaunchScreen.storyboard */; };
		20223AB627550100009E5864 /* doct24_iosTests.swift in Sources */ = {isa = PBXBuildFile; fileRef = 20223AB527550100009E5864 /* doct24_iosTests.swift */; };
		20223AC027550100009E5864 /* doct24_iosUITests.swift in Sources */ = {isa = PBXBuildFile; fileRef = 20223ABF27550100009E5864 /* doct24_iosUITests.swift */; };
		20223AC227550100009E5864 /* doct24_iosUITestsLaunchTests.swift in Sources */ = {isa = PBXBuildFile; fileRef = 20223AC127550100009E5864 /* doct24_iosUITestsLaunchTests.swift */; };
		20223AD6275504BF009E5864 /* BaseRouter.swift in Sources */ = {isa = PBXBuildFile; fileRef = 20223AD5275504BF009E5864 /* BaseRouter.swift */; };
		20223AD8275504EA009E5864 /* UIWindow+keyWindow.swift in Sources */ = {isa = PBXBuildFile; fileRef = 20223AD7275504EA009E5864 /* UIWindow+keyWindow.swift */; };
		20223ADA2755050E009E5864 /* BaseCoordinator.swift in Sources */ = {isa = PBXBuildFile; fileRef = 20223AD92755050E009E5864 /* BaseCoordinator.swift */; };
		20223ADC2755053B009E5864 /* UIStoryboard+Instantiate.swift in Sources */ = {isa = PBXBuildFile; fileRef = 20223ADB2755053B009E5864 /* UIStoryboard+Instantiate.swift */; };
		20223ADE27550588009E5864 /* AppCoordinator.swift in Sources */ = {isa = PBXBuildFile; fileRef = 20223ADD27550588009E5864 /* AppCoordinator.swift */; };
		20223AE0275505BD009E5864 /* UserManager.swift in Sources */ = {isa = PBXBuildFile; fileRef = 20223ADF275505BD009E5864 /* UserManager.swift */; };
		20223AE227550623009E5864 /* User.swift in Sources */ = {isa = PBXBuildFile; fileRef = 20223AE127550623009E5864 /* User.swift */; };
		20223AE427550830009E5864 /* MainCoordinator.swift in Sources */ = {isa = PBXBuildFile; fileRef = 20223AE327550830009E5864 /* MainCoordinator.swift */; };
		20223AE6275509D1009E5864 /* Auth.storyboard in Resources */ = {isa = PBXBuildFile; fileRef = 20223AE5275509D1009E5864 /* Auth.storyboard */; };
		20223AE8275509F1009E5864 /* AuthViewController.swift in Sources */ = {isa = PBXBuildFile; fileRef = 20223AE7275509F1009E5864 /* AuthViewController.swift */; };
		20223AEA27550A14009E5864 /* AuthCoordinator.swift in Sources */ = {isa = PBXBuildFile; fileRef = 20223AE927550A14009E5864 /* AuthCoordinator.swift */; };
		20223AEC27550A78009E5864 /* RegistrationViewController.swift in Sources */ = {isa = PBXBuildFile; fileRef = 20223AEB27550A78009E5864 /* RegistrationViewController.swift */; };
		20223AEE27550AA6009E5864 /* RecoverViewController.swift in Sources */ = {isa = PBXBuildFile; fileRef = 20223AED27550AA6009E5864 /* RecoverViewController.swift */; };
		20223AF027551033009E5864 /* HeaderView.xib in Resources */ = {isa = PBXBuildFile; fileRef = 20223AEF27551033009E5864 /* HeaderView.xib */; };
		20223AF22755116B009E5864 /* HeaderView.swift in Sources */ = {isa = PBXBuildFile; fileRef = 20223AF12755116B009E5864 /* HeaderView.swift */; };
		2041728B2757AC3100B0E9B9 /* Rubik-Light.ttf in Resources */ = {isa = PBXBuildFile; fileRef = 204172882757AC3100B0E9B9 /* Rubik-Light.ttf */; };
		2041728C2757AC3100B0E9B9 /* Rubik-Medium.ttf in Resources */ = {isa = PBXBuildFile; fileRef = 204172892757AC3100B0E9B9 /* Rubik-Medium.ttf */; };
		2041728D2757AC3100B0E9B9 /* Rubik-Regular.ttf in Resources */ = {isa = PBXBuildFile; fileRef = 2041728A2757AC3100B0E9B9 /* Rubik-Regular.ttf */; };
		2041728F2757AE1F00B0E9B9 /* Constants.swift in Sources */ = {isa = PBXBuildFile; fileRef = 2041728E2757AE1F00B0E9B9 /* Constants.swift */; };
		204172982757D5C400B0E9B9 /* DoctorCollectionViewCell.swift in Sources */ = {isa = PBXBuildFile; fileRef = 204172962757D5C400B0E9B9 /* DoctorCollectionViewCell.swift */; };
		204172992757D5C400B0E9B9 /* DoctorCollectionViewCell.xib in Resources */ = {isa = PBXBuildFile; fileRef = 204172972757D5C400B0E9B9 /* DoctorCollectionViewCell.xib */; };
		204B98CF27591BC800F4FC66 /* ShadowView.swift in Sources */ = {isa = PBXBuildFile; fileRef = 204B98CE27591BC800F4FC66 /* ShadowView.swift */; };
		2050854C275B47630014AEA1 /* Doctors.storyboard in Resources */ = {isa = PBXBuildFile; fileRef = 2050854B275B47630014AEA1 /* Doctors.storyboard */; };
		2050854E275B47870014AEA1 /* SpecializationViewController.swift in Sources */ = {isa = PBXBuildFile; fileRef = 2050854D275B47870014AEA1 /* SpecializationViewController.swift */; };
		20508551275B493F0014AEA1 /* Consultations.storyboard in Resources */ = {isa = PBXBuildFile; fileRef = 20508550275B493F0014AEA1 /* Consultations.storyboard */; };
		20508553275B495F0014AEA1 /* ConsultationsViewController.swift in Sources */ = {isa = PBXBuildFile; fileRef = 20508552275B495F0014AEA1 /* ConsultationsViewController.swift */; };
		20508556275B49F10014AEA1 /* Profile.storyboard in Resources */ = {isa = PBXBuildFile; fileRef = 20508555275B49F10014AEA1 /* Profile.storyboard */; };
		20508558275B4A010014AEA1 /* ProfileViewController.swift in Sources */ = {isa = PBXBuildFile; fileRef = 20508557275B4A010014AEA1 /* ProfileViewController.swift */; };
		2050855B275B4BAD0014AEA1 /* UIViewController+ext.swift in Sources */ = {isa = PBXBuildFile; fileRef = 2050855A275B4BAD0014AEA1 /* UIViewController+ext.swift */; };
		2050855D275B4C580014AEA1 /* CustomSearchBar.swift in Sources */ = {isa = PBXBuildFile; fileRef = 2050855C275B4C580014AEA1 /* CustomSearchBar.swift */; };
		2050855F275B4D550014AEA1 /* CustomTabBar.swift in Sources */ = {isa = PBXBuildFile; fileRef = 2050855E275B4D550014AEA1 /* CustomTabBar.swift */; };
/* End PBXBuildFile section */

/* Begin PBXContainerItemProxy section */
		20223AB227550100009E5864 /* PBXContainerItemProxy */ = {
			isa = PBXContainerItemProxy;
			containerPortal = 20223A93275500FE009E5864 /* Project object */;
			proxyType = 1;
			remoteGlobalIDString = 20223A9A275500FE009E5864;
			remoteInfo = doct24_ios;
		};
		20223ABC27550100009E5864 /* PBXContainerItemProxy */ = {
			isa = PBXContainerItemProxy;
			containerPortal = 20223A93275500FE009E5864 /* Project object */;
			proxyType = 1;
			remoteGlobalIDString = 20223A9A275500FE009E5864;
			remoteInfo = doct24_ios;
		};
/* End PBXContainerItemProxy section */

/* Begin PBXFileReference section */
		20223A9B275500FE009E5864 /* doct24_ios.app */ = {isa = PBXFileReference; explicitFileType = wrapper.application; includeInIndex = 0; path = doct24_ios.app; sourceTree = BUILT_PRODUCTS_DIR; };
		20223A9E275500FE009E5864 /* AppDelegate.swift */ = {isa = PBXFileReference; lastKnownFileType = sourcecode.swift; path = AppDelegate.swift; sourceTree = "<group>"; };
		20223AA0275500FE009E5864 /* SceneDelegate.swift */ = {isa = PBXFileReference; lastKnownFileType = sourcecode.swift; path = SceneDelegate.swift; sourceTree = "<group>"; };
		20223AA2275500FE009E5864 /* MainViewController.swift */ = {isa = PBXFileReference; lastKnownFileType = sourcecode.swift; path = MainViewController.swift; sourceTree = "<group>"; };
		20223AA5275500FE009E5864 /* Base */ = {isa = PBXFileReference; lastKnownFileType = file.storyboard; name = Base; path = Base.lproj/Main.storyboard; sourceTree = "<group>"; };
		20223AA727550100009E5864 /* Assets.xcassets */ = {isa = PBXFileReference; lastKnownFileType = folder.assetcatalog; path = Assets.xcassets; sourceTree = "<group>"; };
		20223AAA27550100009E5864 /* Base */ = {isa = PBXFileReference; lastKnownFileType = file.storyboard; name = Base; path = Base.lproj/LaunchScreen.storyboard; sourceTree = "<group>"; };
		20223AAC27550100009E5864 /* Info.plist */ = {isa = PBXFileReference; lastKnownFileType = text.plist.xml; path = Info.plist; sourceTree = "<group>"; };
		20223AB127550100009E5864 /* doct24_iosTests.xctest */ = {isa = PBXFileReference; explicitFileType = wrapper.cfbundle; includeInIndex = 0; path = doct24_iosTests.xctest; sourceTree = BUILT_PRODUCTS_DIR; };
		20223AB527550100009E5864 /* doct24_iosTests.swift */ = {isa = PBXFileReference; lastKnownFileType = sourcecode.swift; path = doct24_iosTests.swift; sourceTree = "<group>"; };
		20223ABB27550100009E5864 /* doct24_iosUITests.xctest */ = {isa = PBXFileReference; explicitFileType = wrapper.cfbundle; includeInIndex = 0; path = doct24_iosUITests.xctest; sourceTree = BUILT_PRODUCTS_DIR; };
		20223ABF27550100009E5864 /* doct24_iosUITests.swift */ = {isa = PBXFileReference; lastKnownFileType = sourcecode.swift; path = doct24_iosUITests.swift; sourceTree = "<group>"; };
		20223AC127550100009E5864 /* doct24_iosUITestsLaunchTests.swift */ = {isa = PBXFileReference; lastKnownFileType = sourcecode.swift; path = doct24_iosUITestsLaunchTests.swift; sourceTree = "<group>"; };
		20223AD5275504BF009E5864 /* BaseRouter.swift */ = {isa = PBXFileReference; lastKnownFileType = sourcecode.swift; path = BaseRouter.swift; sourceTree = "<group>"; };
		20223AD7275504EA009E5864 /* UIWindow+keyWindow.swift */ = {isa = PBXFileReference; lastKnownFileType = sourcecode.swift; path = "UIWindow+keyWindow.swift"; sourceTree = "<group>"; };
		20223AD92755050E009E5864 /* BaseCoordinator.swift */ = {isa = PBXFileReference; lastKnownFileType = sourcecode.swift; path = BaseCoordinator.swift; sourceTree = "<group>"; };
		20223ADB2755053B009E5864 /* UIStoryboard+Instantiate.swift */ = {isa = PBXFileReference; lastKnownFileType = sourcecode.swift; path = "UIStoryboard+Instantiate.swift"; sourceTree = "<group>"; };
		20223ADD27550588009E5864 /* AppCoordinator.swift */ = {isa = PBXFileReference; lastKnownFileType = sourcecode.swift; path = AppCoordinator.swift; sourceTree = "<group>"; };
		20223ADF275505BD009E5864 /* UserManager.swift */ = {isa = PBXFileReference; lastKnownFileType = sourcecode.swift; path = UserManager.swift; sourceTree = "<group>"; };
		20223AE127550623009E5864 /* User.swift */ = {isa = PBXFileReference; lastKnownFileType = sourcecode.swift; path = User.swift; sourceTree = "<group>"; };
		20223AE327550830009E5864 /* MainCoordinator.swift */ = {isa = PBXFileReference; lastKnownFileType = sourcecode.swift; path = MainCoordinator.swift; sourceTree = "<group>"; };
		20223AE5275509D1009E5864 /* Auth.storyboard */ = {isa = PBXFileReference; fileEncoding = 4; lastKnownFileType = file.storyboard; path = Auth.storyboard; sourceTree = "<group>"; };
		20223AE7275509F1009E5864 /* AuthViewController.swift */ = {isa = PBXFileReference; lastKnownFileType = sourcecode.swift; path = AuthViewController.swift; sourceTree = "<group>"; };
		20223AE927550A14009E5864 /* AuthCoordinator.swift */ = {isa = PBXFileReference; lastKnownFileType = sourcecode.swift; path = AuthCoordinator.swift; sourceTree = "<group>"; };
		20223AEB27550A78009E5864 /* RegistrationViewController.swift */ = {isa = PBXFileReference; lastKnownFileType = sourcecode.swift; path = RegistrationViewController.swift; sourceTree = "<group>"; };
		20223AED27550AA6009E5864 /* RecoverViewController.swift */ = {isa = PBXFileReference; lastKnownFileType = sourcecode.swift; path = RecoverViewController.swift; sourceTree = "<group>"; };
		20223AEF27551033009E5864 /* HeaderView.xib */ = {isa = PBXFileReference; lastKnownFileType = file.xib; path = HeaderView.xib; sourceTree = "<group>"; };
		20223AF12755116B009E5864 /* HeaderView.swift */ = {isa = PBXFileReference; lastKnownFileType = sourcecode.swift; path = HeaderView.swift; sourceTree = "<group>"; };
		204172882757AC3100B0E9B9 /* Rubik-Light.ttf */ = {isa = PBXFileReference; lastKnownFileType = file; path = "Rubik-Light.ttf"; sourceTree = "<group>"; };
		204172892757AC3100B0E9B9 /* Rubik-Medium.ttf */ = {isa = PBXFileReference; lastKnownFileType = file; path = "Rubik-Medium.ttf"; sourceTree = "<group>"; };
		2041728A2757AC3100B0E9B9 /* Rubik-Regular.ttf */ = {isa = PBXFileReference; lastKnownFileType = file; path = "Rubik-Regular.ttf"; sourceTree = "<group>"; };
		2041728E2757AE1F00B0E9B9 /* Constants.swift */ = {isa = PBXFileReference; lastKnownFileType = sourcecode.swift; path = Constants.swift; sourceTree = "<group>"; };
		204172962757D5C400B0E9B9 /* DoctorCollectionViewCell.swift */ = {isa = PBXFileReference; lastKnownFileType = sourcecode.swift; path = DoctorCollectionViewCell.swift; sourceTree = "<group>"; };
		204172972757D5C400B0E9B9 /* DoctorCollectionViewCell.xib */ = {isa = PBXFileReference; lastKnownFileType = file.xib; path = DoctorCollectionViewCell.xib; sourceTree = "<group>"; };
		204B98CE27591BC800F4FC66 /* ShadowView.swift */ = {isa = PBXFileReference; lastKnownFileType = sourcecode.swift; path = ShadowView.swift; sourceTree = "<group>"; };
		2050854B275B47630014AEA1 /* Doctors.storyboard */ = {isa = PBXFileReference; lastKnownFileType = file.storyboard; path = Doctors.storyboard; sourceTree = "<group>"; };
		2050854D275B47870014AEA1 /* SpecializationViewController.swift */ = {isa = PBXFileReference; lastKnownFileType = sourcecode.swift; path = SpecializationViewController.swift; sourceTree = "<group>"; };
		20508550275B493F0014AEA1 /* Consultations.storyboard */ = {isa = PBXFileReference; lastKnownFileType = file.storyboard; path = Consultations.storyboard; sourceTree = "<group>"; };
		20508552275B495F0014AEA1 /* ConsultationsViewController.swift */ = {isa = PBXFileReference; lastKnownFileType = sourcecode.swift; path = ConsultationsViewController.swift; sourceTree = "<group>"; };
		20508555275B49F10014AEA1 /* Profile.storyboard */ = {isa = PBXFileReference; lastKnownFileType = file.storyboard; path = Profile.storyboard; sourceTree = "<group>"; };
		20508557275B4A010014AEA1 /* ProfileViewController.swift */ = {isa = PBXFileReference; lastKnownFileType = sourcecode.swift; path = ProfileViewController.swift; sourceTree = "<group>"; };
		2050855A275B4BAD0014AEA1 /* UIViewController+ext.swift */ = {isa = PBXFileReference; lastKnownFileType = sourcecode.swift; path = "UIViewController+ext.swift"; sourceTree = "<group>"; };
		2050855C275B4C580014AEA1 /* CustomSearchBar.swift */ = {isa = PBXFileReference; lastKnownFileType = sourcecode.swift; path = CustomSearchBar.swift; sourceTree = "<group>"; };
		2050855E275B4D550014AEA1 /* CustomTabBar.swift */ = {isa = PBXFileReference; lastKnownFileType = sourcecode.swift; path = CustomTabBar.swift; sourceTree = "<group>"; };
/* End PBXFileReference section */

/* Begin PBXFrameworksBuildPhase section */
		20223A98275500FE009E5864 /* Frameworks */ = {
			isa = PBXFrameworksBuildPhase;
			buildActionMask = 2147483647;
			files = (
			);
			runOnlyForDeploymentPostprocessing = 0;
		};
		20223AAE27550100009E5864 /* Frameworks */ = {
			isa = PBXFrameworksBuildPhase;
			buildActionMask = 2147483647;
			files = (
			);
			runOnlyForDeploymentPostprocessing = 0;
		};
		20223AB827550100009E5864 /* Frameworks */ = {
			isa = PBXFrameworksBuildPhase;
			buildActionMask = 2147483647;
			files = (
			);
			runOnlyForDeploymentPostprocessing = 0;
		};
/* End PBXFrameworksBuildPhase section */

/* Begin PBXGroup section */
		20223A92275500FE009E5864 = {
			isa = PBXGroup;
			children = (
				20223A9D275500FE009E5864 /* doct24_ios */,
				20223AB427550100009E5864 /* doct24_iosTests */,
				20223ABE27550100009E5864 /* doct24_iosUITests */,
				20223A9C275500FE009E5864 /* Products */,
			);
			sourceTree = "<group>";
		};
		20223A9C275500FE009E5864 /* Products */ = {
			isa = PBXGroup;
			children = (
				20223A9B275500FE009E5864 /* doct24_ios.app */,
				20223AB127550100009E5864 /* doct24_iosTests.xctest */,
				20223ABB27550100009E5864 /* doct24_iosUITests.xctest */,
			);
			name = Products;
			sourceTree = "<group>";
		};
		20223A9D275500FE009E5864 /* doct24_ios */ = {
			isa = PBXGroup;
			children = (
				20508559275B4B8F0014AEA1 /* Extension */,
				204B98CD27591AD500F4FC66 /* CustomElements */,
				204172872757AC0600B0E9B9 /* Fonts */,
				20223AD3275503C5009E5864 /* DataBase */,
				20223AD2275503B8009E5864 /* Core */,
				20223AD1275502B0009E5864 /* System */,
				20223ACF27550299009E5864 /* Flows */,
				20223ACE2755028C009E5864 /* Services */,
				20223AA727550100009E5864 /* Assets.xcassets */,
				20223AA927550100009E5864 /* LaunchScreen.storyboard */,
				20223AAC27550100009E5864 /* Info.plist */,
				20223ADD27550588009E5864 /* AppCoordinator.swift */,
				20223ADF275505BD009E5864 /* UserManager.swift */,
			);
			path = doct24_ios;
			sourceTree = "<group>";
		};
		20223AB427550100009E5864 /* doct24_iosTests */ = {
			isa = PBXGroup;
			children = (
				20223AB527550100009E5864 /* doct24_iosTests.swift */,
			);
			path = doct24_iosTests;
			sourceTree = "<group>";
		};
		20223ABE27550100009E5864 /* doct24_iosUITests */ = {
			isa = PBXGroup;
			children = (
				20223ABF27550100009E5864 /* doct24_iosUITests.swift */,
				20223AC127550100009E5864 /* doct24_iosUITestsLaunchTests.swift */,
			);
			path = doct24_iosUITests;
			sourceTree = "<group>";
		};
		20223ACE2755028C009E5864 /* Services */ = {
			isa = PBXGroup;
			children = (
			);
			path = Services;
			sourceTree = "<group>";
		};
		20223ACF27550299009E5864 /* Flows */ = {
			isa = PBXGroup;
			children = (
				20223AD4275503D1009E5864 /* Auth */,
				20223AD0275502A3009E5864 /* Main */,
				2050854A275B473B0014AEA1 /* Doctors */,
				20508554275B49890014AEA1 /* Profile */,
				2050854F275B48FC0014AEA1 /* Consultations */,
			);
			path = Flows;
			sourceTree = "<group>";
		};
		20223AD0275502A3009E5864 /* Main */ = {
			isa = PBXGroup;
			children = (
				204172952757D58200B0E9B9 /* CollectionViewCell */,
				20223AA2275500FE009E5864 /* MainViewController.swift */,
				20223AA4275500FE009E5864 /* Main.storyboard */,
				20223AE327550830009E5864 /* MainCoordinator.swift */,
			);
			path = Main;
			sourceTree = "<group>";
		};
		20223AD1275502B0009E5864 /* System */ = {
			isa = PBXGroup;
			children = (
				20223A9E275500FE009E5864 /* AppDelegate.swift */,
				20223AA0275500FE009E5864 /* SceneDelegate.swift */,
			);
			path = System;
			sourceTree = "<group>";
		};
		20223AD2275503B8009E5864 /* Core */ = {
			isa = PBXGroup;
			children = (
				20223AD5275504BF009E5864 /* BaseRouter.swift */,
				20223AD7275504EA009E5864 /* UIWindow+keyWindow.swift */,
				20223AD92755050E009E5864 /* BaseCoordinator.swift */,
				20223ADB2755053B009E5864 /* UIStoryboard+Instantiate.swift */,
				2041728E2757AE1F00B0E9B9 /* Constants.swift */,
			);
			path = Core;
			sourceTree = "<group>";
		};
		20223AD3275503C5009E5864 /* DataBase */ = {
			isa = PBXGroup;
			children = (
				20223AE127550623009E5864 /* User.swift */,
			);
			path = DataBase;
			sourceTree = "<group>";
		};
		20223AD4275503D1009E5864 /* Auth */ = {
			isa = PBXGroup;
			children = (
				20223AE5275509D1009E5864 /* Auth.storyboard */,
				20223AE7275509F1009E5864 /* AuthViewController.swift */,
				20223AE927550A14009E5864 /* AuthCoordinator.swift */,
				20223AEB27550A78009E5864 /* RegistrationViewController.swift */,
				20223AED27550AA6009E5864 /* RecoverViewController.swift */,
			);
			path = Auth;
			sourceTree = "<group>";
		};
		204172872757AC0600B0E9B9 /* Fonts */ = {
			isa = PBXGroup;
			children = (
				204172882757AC3100B0E9B9 /* Rubik-Light.ttf */,
				204172892757AC3100B0E9B9 /* Rubik-Medium.ttf */,
				2041728A2757AC3100B0E9B9 /* Rubik-Regular.ttf */,
			);
			path = Fonts;
			sourceTree = "<group>";
		};
		204172952757D58200B0E9B9 /* CollectionViewCell */ = {
			isa = PBXGroup;
			children = (
				204172962757D5C400B0E9B9 /* DoctorCollectionViewCell.swift */,
				204172972757D5C400B0E9B9 /* DoctorCollectionViewCell.xib */,
			);
			path = CollectionViewCell;
			sourceTree = "<group>";
		};
		204B98CD27591AD500F4FC66 /* CustomElements */ = {
			isa = PBXGroup;
			children = (
				207675C7275657CF00AF0286 /* Header */,
				204B98CE27591BC800F4FC66 /* ShadowView.swift */,
				2050855C275B4C580014AEA1 /* CustomSearchBar.swift */,
				2050855E275B4D550014AEA1 /* CustomTabBar.swift */,
			);
			path = CustomElements;
			sourceTree = "<group>";
		};
		2050854A275B473B0014AEA1 /* Doctors */ = {
			isa = PBXGroup;
			children = (
				2050854B275B47630014AEA1 /* Doctors.storyboard */,
				2050854D275B47870014AEA1 /* SpecializationViewController.swift */,
			);
			path = Doctors;
			sourceTree = "<group>";
		};
		2050854F275B48FC0014AEA1 /* Consultations */ = {
			isa = PBXGroup;
			children = (
				20508550275B493F0014AEA1 /* Consultations.storyboard */,
				20508552275B495F0014AEA1 /* ConsultationsViewController.swift */,
			);
			path = Consultations;
			sourceTree = "<group>";
		};
		20508554275B49890014AEA1 /* Profile */ = {
			isa = PBXGroup;
			children = (
				20508555275B49F10014AEA1 /* Profile.storyboard */,
				20508557275B4A010014AEA1 /* ProfileViewController.swift */,
			);
			path = Profile;
			sourceTree = "<group>";
		};
		20508559275B4B8F0014AEA1 /* Extension */ = {
			isa = PBXGroup;
			children = (
				2050855A275B4BAD0014AEA1 /* UIViewController+ext.swift */,
			);
			path = Extension;
			sourceTree = "<group>";
		};
		207675C7275657CF00AF0286 /* Header */ = {
			isa = PBXGroup;
			children = (
				20223AEF27551033009E5864 /* HeaderView.xib */,
				20223AF12755116B009E5864 /* HeaderView.swift */,
			);
			path = Header;
			sourceTree = "<group>";
		};
/* End PBXGroup section */

/* Begin PBXNativeTarget section */
		20223A9A275500FE009E5864 /* doct24_ios */ = {
			isa = PBXNativeTarget;
			buildConfigurationList = 20223AC527550100009E5864 /* Build configuration list for PBXNativeTarget "doct24_ios" */;
			buildPhases = (
				20223A97275500FE009E5864 /* Sources */,
				20223A98275500FE009E5864 /* Frameworks */,
				20223A99275500FE009E5864 /* Resources */,
			);
			buildRules = (
			);
			dependencies = (
			);
			name = doct24_ios;
			productName = doct24_ios;
			productReference = 20223A9B275500FE009E5864 /* doct24_ios.app */;
			productType = "com.apple.product-type.application";
		};
		20223AB027550100009E5864 /* doct24_iosTests */ = {
			isa = PBXNativeTarget;
			buildConfigurationList = 20223AC827550100009E5864 /* Build configuration list for PBXNativeTarget "doct24_iosTests" */;
			buildPhases = (
				20223AAD27550100009E5864 /* Sources */,
				20223AAE27550100009E5864 /* Frameworks */,
				20223AAF27550100009E5864 /* Resources */,
			);
			buildRules = (
			);
			dependencies = (
				20223AB327550100009E5864 /* PBXTargetDependency */,
			);
			name = doct24_iosTests;
			productName = doct24_iosTests;
			productReference = 20223AB127550100009E5864 /* doct24_iosTests.xctest */;
			productType = "com.apple.product-type.bundle.unit-test";
		};
		20223ABA27550100009E5864 /* doct24_iosUITests */ = {
			isa = PBXNativeTarget;
			buildConfigurationList = 20223ACB27550100009E5864 /* Build configuration list for PBXNativeTarget "doct24_iosUITests" */;
			buildPhases = (
				20223AB727550100009E5864 /* Sources */,
				20223AB827550100009E5864 /* Frameworks */,
				20223AB927550100009E5864 /* Resources */,
			);
			buildRules = (
			);
			dependencies = (
				20223ABD27550100009E5864 /* PBXTargetDependency */,
			);
			name = doct24_iosUITests;
			productName = doct24_iosUITests;
			productReference = 20223ABB27550100009E5864 /* doct24_iosUITests.xctest */;
			productType = "com.apple.product-type.bundle.ui-testing";
		};
/* End PBXNativeTarget section */

/* Begin PBXProject section */
		20223A93275500FE009E5864 /* Project object */ = {
			isa = PBXProject;
			attributes = {
				BuildIndependentTargetsInParallel = 1;
				LastSwiftUpdateCheck = 1310;
				LastUpgradeCheck = 1310;
				TargetAttributes = {
					20223A9A275500FE009E5864 = {
						CreatedOnToolsVersion = 13.1;
					};
					20223AB027550100009E5864 = {
						CreatedOnToolsVersion = 13.1;
						TestTargetID = 20223A9A275500FE009E5864;
					};
					20223ABA27550100009E5864 = {
						CreatedOnToolsVersion = 13.1;
						TestTargetID = 20223A9A275500FE009E5864;
					};
				};
			};
			buildConfigurationList = 20223A96275500FE009E5864 /* Build configuration list for PBXProject "doct24_ios" */;
			compatibilityVersion = "Xcode 13.0";
			developmentRegion = en;
			hasScannedForEncodings = 0;
			knownRegions = (
				en,
				Base,
			);
			mainGroup = 20223A92275500FE009E5864;
			productRefGroup = 20223A9C275500FE009E5864 /* Products */;
			projectDirPath = "";
			projectRoot = "";
			targets = (
				20223A9A275500FE009E5864 /* doct24_ios */,
				20223AB027550100009E5864 /* doct24_iosTests */,
				20223ABA27550100009E5864 /* doct24_iosUITests */,
			);
		};
/* End PBXProject section */

/* Begin PBXResourcesBuildPhase section */
		20223A99275500FE009E5864 /* Resources */ = {
			isa = PBXResourcesBuildPhase;
			buildActionMask = 2147483647;
			files = (
				204172992757D5C400B0E9B9 /* DoctorCollectionViewCell.xib in Resources */,
				20223AE6275509D1009E5864 /* Auth.storyboard in Resources */,
				2041728D2757AC3100B0E9B9 /* Rubik-Regular.ttf in Resources */,
				2041728B2757AC3100B0E9B9 /* Rubik-Light.ttf in Resources */,
				20223AF027551033009E5864 /* HeaderView.xib in Resources */,
				2050854C275B47630014AEA1 /* Doctors.storyboard in Resources */,
				20508556275B49F10014AEA1 /* Profile.storyboard in Resources */,
				20508551275B493F0014AEA1 /* Consultations.storyboard in Resources */,
				20223AAB27550100009E5864 /* LaunchScreen.storyboard in Resources */,
				20223AA827550100009E5864 /* Assets.xcassets in Resources */,
				20223AA6275500FE009E5864 /* Main.storyboard in Resources */,
				2041728C2757AC3100B0E9B9 /* Rubik-Medium.ttf in Resources */,
			);
			runOnlyForDeploymentPostprocessing = 0;
		};
		20223AAF27550100009E5864 /* Resources */ = {
			isa = PBXResourcesBuildPhase;
			buildActionMask = 2147483647;
			files = (
			);
			runOnlyForDeploymentPostprocessing = 0;
		};
		20223AB927550100009E5864 /* Resources */ = {
			isa = PBXResourcesBuildPhase;
			buildActionMask = 2147483647;
			files = (
			);
			runOnlyForDeploymentPostprocessing = 0;
		};
/* End PBXResourcesBuildPhase section */

/* Begin PBXSourcesBuildPhase section */
		20223A97275500FE009E5864 /* Sources */ = {
			isa = PBXSourcesBuildPhase;
			buildActionMask = 2147483647;
			files = (
				20223AE0275505BD009E5864 /* UserManager.swift in Sources */,
				2041728F2757AE1F00B0E9B9 /* Constants.swift in Sources */,
				20223AEA27550A14009E5864 /* AuthCoordinator.swift in Sources */,
				20223AD8275504EA009E5864 /* UIWindow+keyWindow.swift in Sources */,
				20223ADA2755050E009E5864 /* BaseCoordinator.swift in Sources */,
				2050855B275B4BAD0014AEA1 /* UIViewController+ext.swift in Sources */,
				20223AEC27550A78009E5864 /* RegistrationViewController.swift in Sources */,
				20508558275B4A010014AEA1 /* ProfileViewController.swift in Sources */,
				20223AA3275500FE009E5864 /* MainViewController.swift in Sources */,
				20223AE8275509F1009E5864 /* AuthViewController.swift in Sources */,
				20223A9F275500FE009E5864 /* AppDelegate.swift in Sources */,
				20223AEE27550AA6009E5864 /* RecoverViewController.swift in Sources */,
				20508553275B495F0014AEA1 /* ConsultationsViewController.swift in Sources */,
				20223AE427550830009E5864 /* MainCoordinator.swift in Sources */,
				2050854E275B47870014AEA1 /* SpecializationViewController.swift in Sources */,
				20223ADE27550588009E5864 /* AppCoordinator.swift in Sources */,
				20223AA1275500FE009E5864 /* SceneDelegate.swift in Sources */,
				204172982757D5C400B0E9B9 /* DoctorCollectionViewCell.swift in Sources */,
				20223AD6275504BF009E5864 /* BaseRouter.swift in Sources */,
				20223AE227550623009E5864 /* User.swift in Sources */,
				20223ADC2755053B009E5864 /* UIStoryboard+Instantiate.swift in Sources */,
				2050855F275B4D550014AEA1 /* CustomTabBar.swift in Sources */,
				2050855D275B4C580014AEA1 /* CustomSearchBar.swift in Sources */,
				204B98CF27591BC800F4FC66 /* ShadowView.swift in Sources */,
				20223AF22755116B009E5864 /* HeaderView.swift in Sources */,
			);
			runOnlyForDeploymentPostprocessing = 0;
		};
		20223AAD27550100009E5864 /* Sources */ = {
			isa = PBXSourcesBuildPhase;
			buildActionMask = 2147483647;
			files = (
				20223AB627550100009E5864 /* doct24_iosTests.swift in Sources */,
			);
			runOnlyForDeploymentPostprocessing = 0;
		};
		20223AB727550100009E5864 /* Sources */ = {
			isa = PBXSourcesBuildPhase;
			buildActionMask = 2147483647;
			files = (
				20223AC227550100009E5864 /* doct24_iosUITestsLaunchTests.swift in Sources */,
				20223AC027550100009E5864 /* doct24_iosUITests.swift in Sources */,
			);
			runOnlyForDeploymentPostprocessing = 0;
		};
/* End PBXSourcesBuildPhase section */

/* Begin PBXTargetDependency section */
		20223AB327550100009E5864 /* PBXTargetDependency */ = {
			isa = PBXTargetDependency;
			target = 20223A9A275500FE009E5864 /* doct24_ios */;
			targetProxy = 20223AB227550100009E5864 /* PBXContainerItemProxy */;
		};
		20223ABD27550100009E5864 /* PBXTargetDependency */ = {
			isa = PBXTargetDependency;
			target = 20223A9A275500FE009E5864 /* doct24_ios */;
			targetProxy = 20223ABC27550100009E5864 /* PBXContainerItemProxy */;
		};
/* End PBXTargetDependency section */

/* Begin PBXVariantGroup section */
		20223AA4275500FE009E5864 /* Main.storyboard */ = {
			isa = PBXVariantGroup;
			children = (
				20223AA5275500FE009E5864 /* Base */,
			);
			name = Main.storyboard;
			sourceTree = "<group>";
		};
		20223AA927550100009E5864 /* LaunchScreen.storyboard */ = {
			isa = PBXVariantGroup;
			children = (
				20223AAA27550100009E5864 /* Base */,
			);
			name = LaunchScreen.storyboard;
			sourceTree = "<group>";
		};
/* End PBXVariantGroup section */

/* Begin XCBuildConfiguration section */
		20223AC327550100009E5864 /* Debug */ = {
			isa = XCBuildConfiguration;
			buildSettings = {
				ALWAYS_SEARCH_USER_PATHS = NO;
				CLANG_ANALYZER_NONNULL = YES;
				CLANG_ANALYZER_NUMBER_OBJECT_CONVERSION = YES_AGGRESSIVE;
				CLANG_CXX_LANGUAGE_STANDARD = "gnu++17";
				CLANG_CXX_LIBRARY = "libc++";
				CLANG_ENABLE_MODULES = YES;
				CLANG_ENABLE_OBJC_ARC = YES;
				CLANG_ENABLE_OBJC_WEAK = YES;
				CLANG_WARN_BLOCK_CAPTURE_AUTORELEASING = YES;
				CLANG_WARN_BOOL_CONVERSION = YES;
				CLANG_WARN_COMMA = YES;
				CLANG_WARN_CONSTANT_CONVERSION = YES;
				CLANG_WARN_DEPRECATED_OBJC_IMPLEMENTATIONS = YES;
				CLANG_WARN_DIRECT_OBJC_ISA_USAGE = YES_ERROR;
				CLANG_WARN_DOCUMENTATION_COMMENTS = YES;
				CLANG_WARN_EMPTY_BODY = YES;
				CLANG_WARN_ENUM_CONVERSION = YES;
				CLANG_WARN_INFINITE_RECURSION = YES;
				CLANG_WARN_INT_CONVERSION = YES;
				CLANG_WARN_NON_LITERAL_NULL_CONVERSION = YES;
				CLANG_WARN_OBJC_IMPLICIT_RETAIN_SELF = YES;
				CLANG_WARN_OBJC_LITERAL_CONVERSION = YES;
				CLANG_WARN_OBJC_ROOT_CLASS = YES_ERROR;
				CLANG_WARN_QUOTED_INCLUDE_IN_FRAMEWORK_HEADER = YES;
				CLANG_WARN_RANGE_LOOP_ANALYSIS = YES;
				CLANG_WARN_STRICT_PROTOTYPES = YES;
				CLANG_WARN_SUSPICIOUS_MOVE = YES;
				CLANG_WARN_UNGUARDED_AVAILABILITY = YES_AGGRESSIVE;
				CLANG_WARN_UNREACHABLE_CODE = YES;
				CLANG_WARN__DUPLICATE_METHOD_MATCH = YES;
				COPY_PHASE_STRIP = NO;
				DEBUG_INFORMATION_FORMAT = dwarf;
				ENABLE_STRICT_OBJC_MSGSEND = YES;
				ENABLE_TESTABILITY = YES;
				GCC_C_LANGUAGE_STANDARD = gnu11;
				GCC_DYNAMIC_NO_PIC = NO;
				GCC_NO_COMMON_BLOCKS = YES;
				GCC_OPTIMIZATION_LEVEL = 0;
				GCC_PREPROCESSOR_DEFINITIONS = (
					"DEBUG=1",
					"$(inherited)",
				);
				GCC_WARN_64_TO_32_BIT_CONVERSION = YES;
				GCC_WARN_ABOUT_RETURN_TYPE = YES_ERROR;
				GCC_WARN_UNDECLARED_SELECTOR = YES;
				GCC_WARN_UNINITIALIZED_AUTOS = YES_AGGRESSIVE;
				GCC_WARN_UNUSED_FUNCTION = YES;
				GCC_WARN_UNUSED_VARIABLE = YES;
				IPHONEOS_DEPLOYMENT_TARGET = 14.7;
				MTL_ENABLE_DEBUG_INFO = INCLUDE_SOURCE;
				MTL_FAST_MATH = YES;
				ONLY_ACTIVE_ARCH = YES;
				SDKROOT = iphoneos;
				SWIFT_ACTIVE_COMPILATION_CONDITIONS = DEBUG;
				SWIFT_OPTIMIZATION_LEVEL = "-Onone";
			};
			name = Debug;
		};
		20223AC427550100009E5864 /* Release */ = {
			isa = XCBuildConfiguration;
			buildSettings = {
				ALWAYS_SEARCH_USER_PATHS = NO;
				CLANG_ANALYZER_NONNULL = YES;
				CLANG_ANALYZER_NUMBER_OBJECT_CONVERSION = YES_AGGRESSIVE;
				CLANG_CXX_LANGUAGE_STANDARD = "gnu++17";
				CLANG_CXX_LIBRARY = "libc++";
				CLANG_ENABLE_MODULES = YES;
				CLANG_ENABLE_OBJC_ARC = YES;
				CLANG_ENABLE_OBJC_WEAK = YES;
				CLANG_WARN_BLOCK_CAPTURE_AUTORELEASING = YES;
				CLANG_WARN_BOOL_CONVERSION = YES;
				CLANG_WARN_COMMA = YES;
				CLANG_WARN_CONSTANT_CONVERSION = YES;
				CLANG_WARN_DEPRECATED_OBJC_IMPLEMENTATIONS = YES;
				CLANG_WARN_DIRECT_OBJC_ISA_USAGE = YES_ERROR;
				CLANG_WARN_DOCUMENTATION_COMMENTS = YES;
				CLANG_WARN_EMPTY_BODY = YES;
				CLANG_WARN_ENUM_CONVERSION = YES;
				CLANG_WARN_INFINITE_RECURSION = YES;
				CLANG_WARN_INT_CONVERSION = YES;
				CLANG_WARN_NON_LITERAL_NULL_CONVERSION = YES;
				CLANG_WARN_OBJC_IMPLICIT_RETAIN_SELF = YES;
				CLANG_WARN_OBJC_LITERAL_CONVERSION = YES;
				CLANG_WARN_OBJC_ROOT_CLASS = YES_ERROR;
				CLANG_WARN_QUOTED_INCLUDE_IN_FRAMEWORK_HEADER = YES;
				CLANG_WARN_RANGE_LOOP_ANALYSIS = YES;
				CLANG_WARN_STRICT_PROTOTYPES = YES;
				CLANG_WARN_SUSPICIOUS_MOVE = YES;
				CLANG_WARN_UNGUARDED_AVAILABILITY = YES_AGGRESSIVE;
				CLANG_WARN_UNREACHABLE_CODE = YES;
				CLANG_WARN__DUPLICATE_METHOD_MATCH = YES;
				COPY_PHASE_STRIP = NO;
				DEBUG_INFORMATION_FORMAT = "dwarf-with-dsym";
				ENABLE_NS_ASSERTIONS = NO;
				ENABLE_STRICT_OBJC_MSGSEND = YES;
				GCC_C_LANGUAGE_STANDARD = gnu11;
				GCC_NO_COMMON_BLOCKS = YES;
				GCC_WARN_64_TO_32_BIT_CONVERSION = YES;
				GCC_WARN_ABOUT_RETURN_TYPE = YES_ERROR;
				GCC_WARN_UNDECLARED_SELECTOR = YES;
				GCC_WARN_UNINITIALIZED_AUTOS = YES_AGGRESSIVE;
				GCC_WARN_UNUSED_FUNCTION = YES;
				GCC_WARN_UNUSED_VARIABLE = YES;
				IPHONEOS_DEPLOYMENT_TARGET = 14.7;
				MTL_ENABLE_DEBUG_INFO = NO;
				MTL_FAST_MATH = YES;
				SDKROOT = iphoneos;
				SWIFT_COMPILATION_MODE = wholemodule;
				SWIFT_OPTIMIZATION_LEVEL = "-O";
				VALIDATE_PRODUCT = YES;
			};
			name = Release;
		};
		20223AC627550100009E5864 /* Debug */ = {
			isa = XCBuildConfiguration;
			buildSettings = {
				ASSETCATALOG_COMPILER_APPICON_NAME = AppIcon;
				ASSETCATALOG_COMPILER_GLOBAL_ACCENT_COLOR_NAME = AccentColor;
				CODE_SIGN_STYLE = Automatic;
				CURRENT_PROJECT_VERSION = 1;
				DEVELOPMENT_TEAM = ZMX77LFT7B;
				GENERATE_INFOPLIST_FILE = YES;
				INFOPLIST_FILE = doct24_ios/Info.plist;
				INFOPLIST_KEY_UIApplicationSupportsIndirectInputEvents = YES;
				INFOPLIST_KEY_UILaunchStoryboardName = LaunchScreen;
				INFOPLIST_KEY_UIMainStoryboardFile = Main;
				INFOPLIST_KEY_UISupportedInterfaceOrientations = "UIInterfaceOrientationPortrait UIInterfaceOrientationPortraitUpsideDown";
				INFOPLIST_KEY_UISupportedInterfaceOrientations_iPad = "UIInterfaceOrientationPortrait UIInterfaceOrientationPortraitUpsideDown UIInterfaceOrientationLandscapeLeft UIInterfaceOrientationLandscapeRight";
				INFOPLIST_KEY_UISupportedInterfaceOrientations_iPhone = "UIInterfaceOrientationPortrait UIInterfaceOrientationLandscapeLeft UIInterfaceOrientationLandscapeRight";
				LD_RUNPATH_SEARCH_PATHS = (
					"$(inherited)",
					"@executable_path/Frameworks",
				);
				MARKETING_VERSION = 1.0;
				PRODUCT_BUNDLE_IDENTIFIER = "com.doct24.doct24-ios";
				PRODUCT_NAME = "$(TARGET_NAME)";
				SWIFT_EMIT_LOC_STRINGS = YES;
				SWIFT_VERSION = 5.0;
				TARGETED_DEVICE_FAMILY = "1,2";
			};
			name = Debug;
		};
		20223AC727550100009E5864 /* Release */ = {
			isa = XCBuildConfiguration;
			buildSettings = {
				ASSETCATALOG_COMPILER_APPICON_NAME = AppIcon;
				ASSETCATALOG_COMPILER_GLOBAL_ACCENT_COLOR_NAME = AccentColor;
				CODE_SIGN_STYLE = Automatic;
				CURRENT_PROJECT_VERSION = 1;
				DEVELOPMENT_TEAM = ZMX77LFT7B;
				GENERATE_INFOPLIST_FILE = YES;
				INFOPLIST_FILE = doct24_ios/Info.plist;
				INFOPLIST_KEY_UIApplicationSupportsIndirectInputEvents = YES;
				INFOPLIST_KEY_UILaunchStoryboardName = LaunchScreen;
				INFOPLIST_KEY_UIMainStoryboardFile = Main;
				INFOPLIST_KEY_UISupportedInterfaceOrientations = "UIInterfaceOrientationPortrait UIInterfaceOrientationPortraitUpsideDown";
				INFOPLIST_KEY_UISupportedInterfaceOrientations_iPad = "UIInterfaceOrientationPortrait UIInterfaceOrientationPortraitUpsideDown UIInterfaceOrientationLandscapeLeft UIInterfaceOrientationLandscapeRight";
				INFOPLIST_KEY_UISupportedInterfaceOrientations_iPhone = "UIInterfaceOrientationPortrait UIInterfaceOrientationLandscapeLeft UIInterfaceOrientationLandscapeRight";
				LD_RUNPATH_SEARCH_PATHS = (
					"$(inherited)",
					"@executable_path/Frameworks",
				);
				MARKETING_VERSION = 1.0;
				PRODUCT_BUNDLE_IDENTIFIER = "com.doct24.doct24-ios";
				PRODUCT_NAME = "$(TARGET_NAME)";
				SWIFT_EMIT_LOC_STRINGS = YES;
				SWIFT_VERSION = 5.0;
				TARGETED_DEVICE_FAMILY = "1,2";
			};
			name = Release;
		};
		20223AC927550100009E5864 /* Debug */ = {
			isa = XCBuildConfiguration;
			buildSettings = {
				ALWAYS_EMBED_SWIFT_STANDARD_LIBRARIES = YES;
				BUNDLE_LOADER = "$(TEST_HOST)";
				CODE_SIGN_STYLE = Automatic;
				CURRENT_PROJECT_VERSION = 1;
				DEVELOPMENT_TEAM = ZMX77LFT7B;
				GENERATE_INFOPLIST_FILE = YES;
				IPHONEOS_DEPLOYMENT_TARGET = 15.0;
				LD_RUNPATH_SEARCH_PATHS = (
					"$(inherited)",
					"@executable_path/Frameworks",
					"@loader_path/Frameworks",
				);
				MARKETING_VERSION = 1.0;
				PRODUCT_BUNDLE_IDENTIFIER = "com.doct24.doct24-iosTests";
				PRODUCT_NAME = "$(TARGET_NAME)";
				SWIFT_EMIT_LOC_STRINGS = NO;
				SWIFT_VERSION = 5.0;
				TARGETED_DEVICE_FAMILY = "1,2";
				TEST_HOST = "$(BUILT_PRODUCTS_DIR)/doct24_ios.app/doct24_ios";
			};
			name = Debug;
		};
		20223ACA27550100009E5864 /* Release */ = {
			isa = XCBuildConfiguration;
			buildSettings = {
				ALWAYS_EMBED_SWIFT_STANDARD_LIBRARIES = YES;
				BUNDLE_LOADER = "$(TEST_HOST)";
				CODE_SIGN_STYLE = Automatic;
				CURRENT_PROJECT_VERSION = 1;
				DEVELOPMENT_TEAM = ZMX77LFT7B;
				GENERATE_INFOPLIST_FILE = YES;
				IPHONEOS_DEPLOYMENT_TARGET = 15.0;
				LD_RUNPATH_SEARCH_PATHS = (
					"$(inherited)",
					"@executable_path/Frameworks",
					"@loader_path/Frameworks",
				);
				MARKETING_VERSION = 1.0;
				PRODUCT_BUNDLE_IDENTIFIER = "com.doct24.doct24-iosTests";
				PRODUCT_NAME = "$(TARGET_NAME)";
				SWIFT_EMIT_LOC_STRINGS = NO;
				SWIFT_VERSION = 5.0;
				TARGETED_DEVICE_FAMILY = "1,2";
				TEST_HOST = "$(BUILT_PRODUCTS_DIR)/doct24_ios.app/doct24_ios";
			};
			name = Release;
		};
		20223ACC27550100009E5864 /* Debug */ = {
			isa = XCBuildConfiguration;
			buildSettings = {
				ALWAYS_EMBED_SWIFT_STANDARD_LIBRARIES = YES;
				CODE_SIGN_STYLE = Automatic;
				CURRENT_PROJECT_VERSION = 1;
				DEVELOPMENT_TEAM = ZMX77LFT7B;
				GENERATE_INFOPLIST_FILE = YES;
				LD_RUNPATH_SEARCH_PATHS = (
					"$(inherited)",
					"@executable_path/Frameworks",
					"@loader_path/Frameworks",
				);
				MARKETING_VERSION = 1.0;
				PRODUCT_BUNDLE_IDENTIFIER = "com.doct24.doct24-iosUITests";
				PRODUCT_NAME = "$(TARGET_NAME)";
				SWIFT_EMIT_LOC_STRINGS = NO;
				SWIFT_VERSION = 5.0;
				TARGETED_DEVICE_FAMILY = "1,2";
				TEST_TARGET_NAME = doct24_ios;
			};
			name = Debug;
		};
		20223ACD27550100009E5864 /* Release */ = {
			isa = XCBuildConfiguration;
			buildSettings = {
				ALWAYS_EMBED_SWIFT_STANDARD_LIBRARIES = YES;
				CODE_SIGN_STYLE = Automatic;
				CURRENT_PROJECT_VERSION = 1;
				DEVELOPMENT_TEAM = ZMX77LFT7B;
				GENERATE_INFOPLIST_FILE = YES;
				LD_RUNPATH_SEARCH_PATHS = (
					"$(inherited)",
					"@executable_path/Frameworks",
					"@loader_path/Frameworks",
				);
				MARKETING_VERSION = 1.0;
				PRODUCT_BUNDLE_IDENTIFIER = "com.doct24.doct24-iosUITests";
				PRODUCT_NAME = "$(TARGET_NAME)";
				SWIFT_EMIT_LOC_STRINGS = NO;
				SWIFT_VERSION = 5.0;
				TARGETED_DEVICE_FAMILY = "1,2";
				TEST_TARGET_NAME = doct24_ios;
			};
			name = Release;
		};
/* End XCBuildConfiguration section */

/* Begin XCConfigurationList section */
		20223A96275500FE009E5864 /* Build configuration list for PBXProject "doct24_ios" */ = {
			isa = XCConfigurationList;
			buildConfigurations = (
				20223AC327550100009E5864 /* Debug */,
				20223AC427550100009E5864 /* Release */,
			);
			defaultConfigurationIsVisible = 0;
			defaultConfigurationName = Release;
		};
		20223AC527550100009E5864 /* Build configuration list for PBXNativeTarget "doct24_ios" */ = {
			isa = XCConfigurationList;
			buildConfigurations = (
				20223AC627550100009E5864 /* Debug */,
				20223AC727550100009E5864 /* Release */,
			);
			defaultConfigurationIsVisible = 0;
			defaultConfigurationName = Release;
		};
		20223AC827550100009E5864 /* Build configuration list for PBXNativeTarget "doct24_iosTests" */ = {
			isa = XCConfigurationList;
			buildConfigurations = (
				20223AC927550100009E5864 /* Debug */,
				20223ACA27550100009E5864 /* Release */,
			);
			defaultConfigurationIsVisible = 0;
			defaultConfigurationName = Release;
		};
		20223ACB27550100009E5864 /* Build configuration list for PBXNativeTarget "doct24_iosUITests" */ = {
			isa = XCConfigurationList;
			buildConfigurations = (
				20223ACC27550100009E5864 /* Debug */,
				20223ACD27550100009E5864 /* Release */,
			);
			defaultConfigurationIsVisible = 0;
			defaultConfigurationName = Release;
		};
/* End XCConfigurationList section */
	};
	rootObject = 20223A93275500FE009E5864 /* Project object */;
}
